
Microsoft Visual Studio Solution File, Format Version 12.00
# Visual Studio Version 16
VisualStudioVersion = 16.0.31702.278
MinimumVisualStudioVersion = 10.0.40219.1
Project("{2150E333-8FDC-42A3-9474-1A3956D46DE8}") = "DevNullCore", "DevNullCore", "{77AA6322-2C6B-4867-AF97-958AA2CDD1A0}"
EndProject
Project("{9A19103F-16F7-4668-BE54-9A1E7A4F7556}") = "DevNullCore.Ioc", "DevNullCore\DevNullCore.Ioc\DevNullCore.Ioc.csproj", "{5B4C27A2-914A-4D8C-854C-655451D92338}"
EndProject
Project("{2150E333-8FDC-42A3-9474-1A3956D46DE8}") = "Microservices", "Microservices", "{CE062E9B-B37A-489B-833A-335A2374B907}"
EndProject
Project("{2150E333-8FDC-42A3-9474-1A3956D46DE8}") = "Public", "Public", "{EC1DF428-7BCA-4F34-B826-CD41C3C70103}"
EndProject
Project("{9A19103F-16F7-4668-BE54-9A1E7A4F7556}") = "DevNullExample.Public.Api", "DevNullExample.Public.Api\DevNullExample.Public.Api.csproj", "{5760F003-3E70-4B5D-986B-65A4A8542951}"
	ProjectSection(ProjectDependencies) = postProject
		{5B4C27A2-914A-4D8C-854C-655451D92338} = {5B4C27A2-914A-4D8C-854C-655451D92338}
	EndProjectSection
EndProject
Project("{2150E333-8FDC-42A3-9474-1A3956D46DE8}") = "Private", "Private", "{532A43C5-6A51-4B22-A6A4-412193F09C58}"
EndProject
Project("{9A19103F-16F7-4668-BE54-9A1E7A4F7556}") = "DevNullExample.Private.Api", "DevNullExample.Private.Api\DevNullExample.Private.Api.csproj", "{27165DC7-F2BA-4B3F-B1F7-61C38117B6A9}"
EndProject
Project("{9A19103F-16F7-4668-BE54-9A1E7A4F7556}") = "DevNullCore.Domain", "DevNullCore\DevNullCore.Domain\DevNullCore.Domain.csproj", "{FFF94D98-BFB0-4DBE-9B01-93120D8EA59D}"
EndProject
Project("{9A19103F-16F7-4668-BE54-9A1E7A4F7556}") = "DevNullCore.EF.Infrastructure", "DevNullCore\DevNullCore.EF.Infrastructure\DevNullCore.EF.Infrastructure.csproj", "{3CF45FBF-FA76-4CCB-ADA3-35631CE5E066}"
EndProject
Project("{FAE04EC0-301F-11D3-BF4B-00C04F79EFBC}") = "DevNullExample.Public.Domain", "DevNullExample.Public.Domain\DevNullExample.Public.Domain.csproj", "{51B866DE-7965-44A1-888C-74CEDFE8895E}"
	ProjectSection(ProjectDependencies) = postProject
		{FFF94D98-BFB0-4DBE-9B01-93120D8EA59D} = {FFF94D98-BFB0-4DBE-9B01-93120D8EA59D}
	EndProjectSection
EndProject
Project("{FAE04EC0-301F-11D3-BF4B-00C04F79EFBC}") = "DevNullExample.Public.Infrastructure", "DevNullExample.Public.Infrastructure\DevNullExample.Public.Infrastructure.csproj", "{42F3F6CE-1EE7-4CF1-98F7-B8DB3F28D1FA}"
	ProjectSection(ProjectDependencies) = postProject
		{3CF45FBF-FA76-4CCB-ADA3-35631CE5E066} = {3CF45FBF-FA76-4CCB-ADA3-35631CE5E066}
		{51B866DE-7965-44A1-888C-74CEDFE8895E} = {51B866DE-7965-44A1-888C-74CEDFE8895E}
	EndProjectSection
EndProject
Global
	GlobalSection(SolutionConfigurationPlatforms) = preSolution
		Debug|Any CPU = Debug|Any CPU
		Release|Any CPU = Release|Any CPU
	EndGlobalSection
	GlobalSection(ProjectConfigurationPlatforms) = postSolution
		{5B4C27A2-914A-4D8C-854C-655451D92338}.Debug|Any CPU.ActiveCfg = Debug|Any CPU
		{5B4C27A2-914A-4D8C-854C-655451D92338}.Debug|Any CPU.Build.0 = Debug|Any CPU
		{5B4C27A2-914A-4D8C-854C-655451D92338}.Release|Any CPU.ActiveCfg = Release|Any CPU
		{5B4C27A2-914A-4D8C-854C-655451D92338}.Release|Any CPU.Build.0 = Release|Any CPU
		{5760F003-3E70-4B5D-986B-65A4A8542951}.Debug|Any CPU.ActiveCfg = Debug|Any CPU
		{5760F003-3E70-4B5D-986B-65A4A8542951}.Debug|Any CPU.Build.0 = Debug|Any CPU
		{5760F003-3E70-4B5D-986B-65A4A8542951}.Release|Any CPU.ActiveCfg = Release|Any CPU
		{5760F003-3E70-4B5D-986B-65A4A8542951}.Release|Any CPU.Build.0 = Release|Any CPU
		{27165DC7-F2BA-4B3F-B1F7-61C38117B6A9}.Debug|Any CPU.ActiveCfg = Debug|Any CPU
		{27165DC7-F2BA-4B3F-B1F7-61C38117B6A9}.Debug|Any CPU.Build.0 = Debug|Any CPU
		{27165DC7-F2BA-4B3F-B1F7-61C38117B6A9}.Release|Any CPU.ActiveCfg = Release|Any CPU
		{27165DC7-F2BA-4B3F-B1F7-61C38117B6A9}.Release|Any CPU.Build.0 = Release|Any CPU
		{FFF94D98-BFB0-4DBE-9B01-93120D8EA59D}.Debug|Any CPU.ActiveCfg = Debug|Any CPU
		{FFF94D98-BFB0-4DBE-9B01-93120D8EA59D}.Debug|Any CPU.Build.0 = Debug|Any CPU
		{FFF94D98-BFB0-4DBE-9B01-93120D8EA59D}.Release|Any CPU.ActiveCfg = Release|Any CPU
		{FFF94D98-BFB0-4DBE-9B01-93120D8EA59D}.Release|Any CPU.Build.0 = Release|Any CPU
		{3CF45FBF-FA76-4CCB-ADA3-35631CE5E066}.Debug|Any CPU.ActiveCfg = Debug|Any CPU
		{3CF45FBF-FA76-4CCB-ADA3-35631CE5E066}.Debug|Any CPU.Build.0 = Debug|Any CPU
		{3CF45FBF-FA76-4CCB-ADA3-35631CE5E066}.Release|Any CPU.ActiveCfg = Release|Any CPU
		{3CF45FBF-FA76-4CCB-ADA3-35631CE5E066}.Release|Any CPU.Build.0 = Release|Any CPU
		{51B866DE-7965-44A1-888C-74CEDFE8895E}.Debug|Any CPU.ActiveCfg = Debug|Any CPU
		{51B866DE-7965-44A1-888C-74CEDFE8895E}.Debug|Any CPU.Build.0 = Debug|Any CPU
		{51B866DE-7965-44A1-888C-74CEDFE8895E}.Release|Any CPU.ActiveCfg = Release|Any CPU
		{51B866DE-7965-44A1-888C-74CEDFE8895E}.Release|Any CPU.Build.0 = Release|Any CPU
		{42F3F6CE-1EE7-4CF1-98F7-B8DB3F28D1FA}.Debug|Any CPU.ActiveCfg = Debug|Any CPU
		{42F3F6CE-1EE7-4CF1-98F7-B8DB3F28D1FA}.Debug|Any CPU.Build.0 = Debug|Any CPU
		{42F3F6CE-1EE7-4CF1-98F7-B8DB3F28D1FA}.Release|Any CPU.ActiveCfg = Release|Any CPU
		{42F3F6CE-1EE7-4CF1-98F7-B8DB3F28D1FA}.Release|Any CPU.Build.0 = Release|Any CPU
	EndGlobalSection
	GlobalSection(SolutionProperties) = preSolution
		HideSolutionNode = FALSE
	EndGlobalSection
	GlobalSection(NestedProjects) = preSolution
		{5B4C27A2-914A-4D8C-854C-655451D92338} = {77AA6322-2C6B-4867-AF97-958AA2CDD1A0}
		{EC1DF428-7BCA-4F34-B826-CD41C3C70103} = {CE062E9B-B37A-489B-833A-335A2374B907}
		{5760F003-3E70-4B5D-986B-65A4A8542951} = {EC1DF428-7BCA-4F34-B826-CD41C3C70103}
		{532A43C5-6A51-4B22-A6A4-412193F09C58} = {CE062E9B-B37A-489B-833A-335A2374B907}
		{27165DC7-F2BA-4B3F-B1F7-61C38117B6A9} = {532A43C5-6A51-4B22-A6A4-412193F09C58}
		{FFF94D98-BFB0-4DBE-9B01-93120D8EA59D} = {77AA6322-2C6B-4867-AF97-958AA2CDD1A0}
		{3CF45FBF-FA76-4CCB-ADA3-35631CE5E066} = {77AA6322-2C6B-4867-AF97-958AA2CDD1A0}
		{51B866DE-7965-44A1-888C-74CEDFE8895E} = {EC1DF428-7BCA-4F34-B826-CD41C3C70103}
		{42F3F6CE-1EE7-4CF1-98F7-B8DB3F28D1FA} = {EC1DF428-7BCA-4F34-B826-CD41C3C70103}
	EndGlobalSection
	GlobalSection(ExtensibilityGlobals) = postSolution
		SolutionGuid = {DAFAC6AE-EF30-47A5-86CC-BCFD81654BBC}
	EndGlobalSection
EndGlobal
